
Microsoft Visual Studio Solution File, Format Version 12.00
# Visual Studio Version 16
VisualStudioVersion = 16.0.29920.165
MinimumVisualStudioVersion = 10.0.40219.1
Project("{FAE04EC0-301F-11D3-BF4B-00C04F79EFBC}") = "COVID19Mobile", "COVID19Mobile\COVID19Mobile.csproj", "{2D175428-C346-46E8-A247-E8C3F548FEC1}"
EndProject
Global
	GlobalSection(SolutionConfigurationPlatforms) = preSolution
		Debug|Any CPU = Debug|Any CPU
		Release|Any CPU = Release|Any CPU
	EndGlobalSection
	GlobalSection(ProjectConfigurationPlatforms) = postSolution
		{2D175428-C346-46E8-A247-E8C3F548FEC1}.Debug|Any CPU.ActiveCfg = Debug|Any CPU
		{2D175428-C346-46E8-A247-E8C3F548FEC1}.Debug|Any CPU.Build.0 = Debug|Any CPU
		{2D175428-C346-46E8-A247-E8C3F548FEC1}.Debug|Any CPU.Deploy.0 = Debug|Any CPU
		{2D175428-C346-46E8-A247-E8C3F548FEC1}.Release|Any CPU.ActiveCfg = Release|Any CPU
		{2D175428-C346-46E8-A247-E8C3F548FEC1}.Release|Any CPU.Build.0 = Release|Any CPU
		{2D175428-C346-46E8-A247-E8C3F548FEC1}.Release|Any CPU.Deploy.0 = Release|Any CPU
	EndGlobalSection
	GlobalSection(SolutionProperties) = preSolution
		HideSolutionNode = FALSE
	EndGlobalSection
	GlobalSection(ExtensibilityGlobals) = postSolution
		SolutionGuid = {0B46F01D-0FFF-4ECE-92E6-056CADD7788F}
	EndGlobalSection
EndGlobal
